{
    "name": "react-native-picker-select",
    "version": "7.0.0",
    "lockfileVersion": 1,
    "requires": true,
    "dependencies": {
        "@react-native-community/picker": {
            "version": "1.6.1",
            "resolved": "https://registry.npmjs.org/@react-native-community/picker/-/picker-1.6.1.tgz",
            "integrity": "sha512-JuCOtim1tZhB3KoJhbuPj3pFweUnj4XgukktJk0MyUOB8wA3uCEHW+xsGYu8ZDYiyR0M6qXctz7Fz2qYFuTUSQ=="
        }
    }
}
